
Microsoft Visual Studio Solution File, Format Version 12.00
# Visual Studio Version 16
VisualStudioVersion = 16.0.31729.503
MinimumVisualStudioVersion = 10.0.40219.1
Project("{FAE04EC0-301F-11D3-BF4B-00C04F79EFBC}") = "G0AVEG_ADT_2022_23_1.Client", "G0AVEG_ADT_2022_23_1\G0AVEG_ADT_2022_23_1.Client.csproj", "{735611DD-A131-42F9-8268-614571D25CB7}"
	ProjectSection(ProjectDependencies) = postProject
		{AE47A549-2508-472C-93BC-4039EDA4B23D} = {AE47A549-2508-472C-93BC-4039EDA4B23D}
	EndProjectSection
EndProject
Project("{FAE04EC0-301F-11D3-BF4B-00C04F79EFBC}") = "G0AVEG_ADT_2022_23_1.Models", "G0AVEG_ADT_2022_23_1.Models\G0AVEG_ADT_2022_23_1.Models.csproj", "{AE47A549-2508-472C-93BC-4039EDA4B23D}"
EndProject
Project("{FAE04EC0-301F-11D3-BF4B-00C04F79EFBC}") = "G0AVEG_ADT_2022_23_1.Data", "G0AVEG_ADT_2022_23_1.Data\G0AVEG_ADT_2022_23_1.Data.csproj", "{A82E7420-0F9C-406C-B64E-69EB8E130254}"
	ProjectSection(ProjectDependencies) = postProject
		{AE47A549-2508-472C-93BC-4039EDA4B23D} = {AE47A549-2508-472C-93BC-4039EDA4B23D}
	EndProjectSection
EndProject
Project("{FAE04EC0-301F-11D3-BF4B-00C04F79EFBC}") = "G0AVEG_ADT_2022_23_1.Logic", "G0AVEG_ADT_2022_23_1.Logic\G0AVEG_ADT_2022_23_1.Logic.csproj", "{2144B570-596A-41B8-9E22-D2E0E68682CA}"
	ProjectSection(ProjectDependencies) = postProject
		{F4D28021-BEBB-4C53-A12B-DEDAE489D716} = {F4D28021-BEBB-4C53-A12B-DEDAE489D716}
		{AE47A549-2508-472C-93BC-4039EDA4B23D} = {AE47A549-2508-472C-93BC-4039EDA4B23D}
	EndProjectSection
EndProject
Project("{FAE04EC0-301F-11D3-BF4B-00C04F79EFBC}") = "G0AVEG_ADT_2022_23_1.Repository", "G0AVEG_ADT_2022_23_1.Repository\G0AVEG_ADT_2022_23_1.Repository.csproj", "{F4D28021-BEBB-4C53-A12B-DEDAE489D716}"
	ProjectSection(ProjectDependencies) = postProject
		{A82E7420-0F9C-406C-B64E-69EB8E130254} = {A82E7420-0F9C-406C-B64E-69EB8E130254}
		{AE47A549-2508-472C-93BC-4039EDA4B23D} = {AE47A549-2508-472C-93BC-4039EDA4B23D}
	EndProjectSection
EndProject
Project("{FAE04EC0-301F-11D3-BF4B-00C04F79EFBC}") = "G0AVEG_ADT_2022_23_1.Endpoint", "G0AVEG_ADT_2022_23_1.Endpoint\G0AVEG_ADT_2022_23_1.Endpoint.csproj", "{2B3D6AEC-F8A6-4A8E-98B6-7FEB5E931F92}"
	ProjectSection(ProjectDependencies) = postProject
		{A82E7420-0F9C-406C-B64E-69EB8E130254} = {A82E7420-0F9C-406C-B64E-69EB8E130254}
		{F4D28021-BEBB-4C53-A12B-DEDAE489D716} = {F4D28021-BEBB-4C53-A12B-DEDAE489D716}
		{AE47A549-2508-472C-93BC-4039EDA4B23D} = {AE47A549-2508-472C-93BC-4039EDA4B23D}
		{2144B570-596A-41B8-9E22-D2E0E68682CA} = {2144B570-596A-41B8-9E22-D2E0E68682CA}
	EndProjectSection
EndProject
Project("{FAE04EC0-301F-11D3-BF4B-00C04F79EFBC}") = "G0AVEG_ADT_2022_23_1.Test", "G0AVEG_ADT_2022_23_1.Test\G0AVEG_ADT_2022_23_1.Test.csproj", "{4987CE2B-0FDD-449F-8449-43389F9D68B6}"
	ProjectSection(ProjectDependencies) = postProject
		{F4D28021-BEBB-4C53-A12B-DEDAE489D716} = {F4D28021-BEBB-4C53-A12B-DEDAE489D716}
		{AE47A549-2508-472C-93BC-4039EDA4B23D} = {AE47A549-2508-472C-93BC-4039EDA4B23D}
		{2144B570-596A-41B8-9E22-D2E0E68682CA} = {2144B570-596A-41B8-9E22-D2E0E68682CA}
	EndProjectSection
EndProject
Project("{2150E333-8FDC-42A3-9474-1A3956D46DE8}") = "Backend", "Backend", "{FAC67D44-C722-4E3E-B072-0111C975382D}"
EndProject
Project("{2150E333-8FDC-42A3-9474-1A3956D46DE8}") = "Frontend", "Frontend", "{D4469162-141D-4E6A-8F0A-36A63D7724C5}"
EndProject
Project("{2150E333-8FDC-42A3-9474-1A3956D46DE8}") = "Shared", "Shared", "{2B37E4D7-9830-4D83-8D24-4F96C6C02F0A}"
EndProject
Project("{2150E333-8FDC-42A3-9474-1A3956D46DE8}") = "Others", "Others", "{516ED6F7-FDA2-4AF8-9FBA-F7C6DDB48C04}"
	ProjectSection(SolutionItems) = preProject
		.gitignore = .gitignore
	EndProjectSection
EndProject
Global
	GlobalSection(SolutionConfigurationPlatforms) = preSolution
		Debug|Any CPU = Debug|Any CPU
		Release|Any CPU = Release|Any CPU
	EndGlobalSection
	GlobalSection(ProjectConfigurationPlatforms) = postSolution
		{735611DD-A131-42F9-8268-614571D25CB7}.Debug|Any CPU.ActiveCfg = Debug|Any CPU
		{735611DD-A131-42F9-8268-614571D25CB7}.Debug|Any CPU.Build.0 = Debug|Any CPU
		{735611DD-A131-42F9-8268-614571D25CB7}.Release|Any CPU.ActiveCfg = Release|Any CPU
		{735611DD-A131-42F9-8268-614571D25CB7}.Release|Any CPU.Build.0 = Release|Any CPU
		{AE47A549-2508-472C-93BC-4039EDA4B23D}.Debug|Any CPU.ActiveCfg = Debug|Any CPU
		{AE47A549-2508-472C-93BC-4039EDA4B23D}.Debug|Any CPU.Build.0 = Debug|Any CPU
		{AE47A549-2508-472C-93BC-4039EDA4B23D}.Release|Any CPU.ActiveCfg = Release|Any CPU
		{AE47A549-2508-472C-93BC-4039EDA4B23D}.Release|Any CPU.Build.0 = Release|Any CPU
		{A82E7420-0F9C-406C-B64E-69EB8E130254}.Debug|Any CPU.ActiveCfg = Debug|Any CPU
		{A82E7420-0F9C-406C-B64E-69EB8E130254}.Debug|Any CPU.Build.0 = Debug|Any CPU
		{A82E7420-0F9C-406C-B64E-69EB8E130254}.Release|Any CPU.ActiveCfg = Release|Any CPU
		{A82E7420-0F9C-406C-B64E-69EB8E130254}.Release|Any CPU.Build.0 = Release|Any CPU
		{2144B570-596A-41B8-9E22-D2E0E68682CA}.Debug|Any CPU.ActiveCfg = Debug|Any CPU
		{2144B570-596A-41B8-9E22-D2E0E68682CA}.Debug|Any CPU.Build.0 = Debug|Any CPU
		{2144B570-596A-41B8-9E22-D2E0E68682CA}.Release|Any CPU.ActiveCfg = Release|Any CPU
		{2144B570-596A-41B8-9E22-D2E0E68682CA}.Release|Any CPU.Build.0 = Release|Any CPU
		{F4D28021-BEBB-4C53-A12B-DEDAE489D716}.Debug|Any CPU.ActiveCfg = Debug|Any CPU
		{F4D28021-BEBB-4C53-A12B-DEDAE489D716}.Debug|Any CPU.Build.0 = Debug|Any CPU
		{F4D28021-BEBB-4C53-A12B-DEDAE489D716}.Release|Any CPU.ActiveCfg = Release|Any CPU
		{F4D28021-BEBB-4C53-A12B-DEDAE489D716}.Release|Any CPU.Build.0 = Release|Any CPU
		{2B3D6AEC-F8A6-4A8E-98B6-7FEB5E931F92}.Debug|Any CPU.ActiveCfg = Debug|Any CPU
		{2B3D6AEC-F8A6-4A8E-98B6-7FEB5E931F92}.Debug|Any CPU.Build.0 = Debug|Any CPU
		{2B3D6AEC-F8A6-4A8E-98B6-7FEB5E931F92}.Release|Any CPU.ActiveCfg = Release|Any CPU
		{2B3D6AEC-F8A6-4A8E-98B6-7FEB5E931F92}.Release|Any CPU.Build.0 = Release|Any CPU
		{4987CE2B-0FDD-449F-8449-43389F9D68B6}.Debug|Any CPU.ActiveCfg = Debug|Any CPU
		{4987CE2B-0FDD-449F-8449-43389F9D68B6}.Debug|Any CPU.Build.0 = Debug|Any CPU
		{4987CE2B-0FDD-449F-8449-43389F9D68B6}.Release|Any CPU.ActiveCfg = Release|Any CPU
		{4987CE2B-0FDD-449F-8449-43389F9D68B6}.Release|Any CPU.Build.0 = Release|Any CPU
	EndGlobalSection
	GlobalSection(SolutionProperties) = preSolution
		HideSolutionNode = FALSE
	EndGlobalSection
	GlobalSection(NestedProjects) = preSolution
		{735611DD-A131-42F9-8268-614571D25CB7} = {D4469162-141D-4E6A-8F0A-36A63D7724C5}
		{AE47A549-2508-472C-93BC-4039EDA4B23D} = {2B37E4D7-9830-4D83-8D24-4F96C6C02F0A}
		{A82E7420-0F9C-406C-B64E-69EB8E130254} = {FAC67D44-C722-4E3E-B072-0111C975382D}
		{2144B570-596A-41B8-9E22-D2E0E68682CA} = {FAC67D44-C722-4E3E-B072-0111C975382D}
		{F4D28021-BEBB-4C53-A12B-DEDAE489D716} = {FAC67D44-C722-4E3E-B072-0111C975382D}
		{2B3D6AEC-F8A6-4A8E-98B6-7FEB5E931F92} = {FAC67D44-C722-4E3E-B072-0111C975382D}
		{4987CE2B-0FDD-449F-8449-43389F9D68B6} = {FAC67D44-C722-4E3E-B072-0111C975382D}
	EndGlobalSection
	GlobalSection(ExtensibilityGlobals) = postSolution
		SolutionGuid = {49AB36D8-9771-4D84-8220-F07F1876684C}
	EndGlobalSection
EndGlobal
